
Microsoft Visual Studio Solution File, Format Version 12.00
Project("{FAE04EC0-301F-11D3-BF4B-00C04F79EFBC}") = "Catalog.API", "src\Services\Catalog\Catalog.API\Catalog.API.csproj", "{90503242-43CF-4813-8A4C-CA58ED9B4CF8}"
EndProject
Project("{FAE04EC0-301F-11D3-BF4B-00C04F79EFBC}") = "Basket.API", "src\Services\Basket\Basket.API\Basket.API.csproj", "{B552D825-74BD-4BF5-9F46-4AB55AB5984F}"
EndProject
Project("{FAE04EC0-301F-11D3-BF4B-00C04F79EFBC}") = "Discount.API", "src\Services\Discount\Discount.API\Discount.API.csproj", "{9FBDD1F7-6B07-404B-9736-F71DE62C1EFA}"
EndProject
Project("{FAE04EC0-301F-11D3-BF4B-00C04F79EFBC}") = "Discount.Grpc", "src\Services\Discount\Discount.Grpc\Discount.Grpc.csproj", "{BE1EA55E-D0EF-4FC2-8784-13499E3569B5}"
EndProject
Project("{FAE04EC0-301F-11D3-BF4B-00C04F79EFBC}") = "Order.API", "src\Services\Order\Order.API\Order.API.csproj", "{14E946A2-DD78-41D0-A956-76F476D0AF3A}"
EndProject
Project("{2150E333-8FDC-42A3-9474-1A3956D46DE8}") = "Basket", "Basket", "{C4F1A4C9-7AA4-4E57-91A0-47ADBCA75627}"
EndProject
Project("{2150E333-8FDC-42A3-9474-1A3956D46DE8}") = "Catalog", "Catalog", "{5955845F-4984-441E-B380-93FF6EBE173F}"
EndProject
Project("{2150E333-8FDC-42A3-9474-1A3956D46DE8}") = "Discount", "Discount", "{4C1019A9-19C1-4620-A6B8-8811EA2BC359}"
EndProject
Project("{2150E333-8FDC-42A3-9474-1A3956D46DE8}") = "Order", "Order", "{7CE8D69D-3E70-4653-AEFB-42A431F543AD}"
EndProject
Project("{FAE04EC0-301F-11D3-BF4B-00C04F79EFBC}") = "Order.Application", "src\Services\Order\Order.Application\Order.Application.csproj", "{3376AD3E-314D-4F8A-A0C6-5FDB773E7955}"
EndProject
Project("{FAE04EC0-301F-11D3-BF4B-00C04F79EFBC}") = "Order.Domain", "src\Services\Order\Order.Domain\Order.Domain.csproj", "{88EB874D-219B-4388-82E8-49B887F59362}"
EndProject
Project("{FAE04EC0-301F-11D3-BF4B-00C04F79EFBC}") = "Order.Infrastructure", "src\Services\Order\Order.Infrastructure\Order.Infrastructure.csproj", "{2DD421DB-29A1-44DB-A31E-A7A44C948408}"
EndProject
Project("{2150E333-8FDC-42A3-9474-1A3956D46DE8}") = "Services", "Services", "{B3CD2079-1525-49DB-A995-E67A2231875B}"
EndProject
Project("{2150E333-8FDC-42A3-9474-1A3956D46DE8}") = "BuildingBlocks", "BuildingBlocks", "{A5534035-C6C2-46BA-ABE9-112B11417A81}"
EndProject
Project("{FAE04EC0-301F-11D3-BF4B-00C04F79EFBC}") = "EventBus.Message", "src\BuildingBlocks\EventBus.Message\EventBus.Message.csproj", "{E23C1594-4AA1-4459-A9B1-B2B8E86BDF06}"
EndProject
Global
	GlobalSection(SolutionConfigurationPlatforms) = preSolution
		Debug|Any CPU = Debug|Any CPU
		Release|Any CPU = Release|Any CPU
	EndGlobalSection
	GlobalSection(ProjectConfigurationPlatforms) = postSolution
		{90503242-43CF-4813-8A4C-CA58ED9B4CF8}.Debug|Any CPU.ActiveCfg = Debug|Any CPU
		{90503242-43CF-4813-8A4C-CA58ED9B4CF8}.Debug|Any CPU.Build.0 = Debug|Any CPU
		{90503242-43CF-4813-8A4C-CA58ED9B4CF8}.Release|Any CPU.ActiveCfg = Release|Any CPU
		{90503242-43CF-4813-8A4C-CA58ED9B4CF8}.Release|Any CPU.Build.0 = Release|Any CPU
		{B552D825-74BD-4BF5-9F46-4AB55AB5984F}.Debug|Any CPU.ActiveCfg = Debug|Any CPU
		{B552D825-74BD-4BF5-9F46-4AB55AB5984F}.Debug|Any CPU.Build.0 = Debug|Any CPU
		{B552D825-74BD-4BF5-9F46-4AB55AB5984F}.Release|Any CPU.ActiveCfg = Release|Any CPU
		{B552D825-74BD-4BF5-9F46-4AB55AB5984F}.Release|Any CPU.Build.0 = Release|Any CPU
		{9FBDD1F7-6B07-404B-9736-F71DE62C1EFA}.Debug|Any CPU.ActiveCfg = Debug|Any CPU
		{9FBDD1F7-6B07-404B-9736-F71DE62C1EFA}.Debug|Any CPU.Build.0 = Debug|Any CPU
		{9FBDD1F7-6B07-404B-9736-F71DE62C1EFA}.Release|Any CPU.ActiveCfg = Release|Any CPU
		{9FBDD1F7-6B07-404B-9736-F71DE62C1EFA}.Release|Any CPU.Build.0 = Release|Any CPU
		{BE1EA55E-D0EF-4FC2-8784-13499E3569B5}.Debug|Any CPU.ActiveCfg = Debug|Any CPU
		{BE1EA55E-D0EF-4FC2-8784-13499E3569B5}.Debug|Any CPU.Build.0 = Debug|Any CPU
		{BE1EA55E-D0EF-4FC2-8784-13499E3569B5}.Release|Any CPU.ActiveCfg = Release|Any CPU
		{BE1EA55E-D0EF-4FC2-8784-13499E3569B5}.Release|Any CPU.Build.0 = Release|Any CPU
		{14E946A2-DD78-41D0-A956-76F476D0AF3A}.Debug|Any CPU.ActiveCfg = Debug|Any CPU
		{14E946A2-DD78-41D0-A956-76F476D0AF3A}.Debug|Any CPU.Build.0 = Debug|Any CPU
		{14E946A2-DD78-41D0-A956-76F476D0AF3A}.Release|Any CPU.ActiveCfg = Release|Any CPU
		{14E946A2-DD78-41D0-A956-76F476D0AF3A}.Release|Any CPU.Build.0 = Release|Any CPU
		{3376AD3E-314D-4F8A-A0C6-5FDB773E7955}.Debug|Any CPU.ActiveCfg = Debug|Any CPU
		{3376AD3E-314D-4F8A-A0C6-5FDB773E7955}.Debug|Any CPU.Build.0 = Debug|Any CPU
		{3376AD3E-314D-4F8A-A0C6-5FDB773E7955}.Release|Any CPU.ActiveCfg = Release|Any CPU
		{3376AD3E-314D-4F8A-A0C6-5FDB773E7955}.Release|Any CPU.Build.0 = Release|Any CPU
		{88EB874D-219B-4388-82E8-49B887F59362}.Debug|Any CPU.ActiveCfg = Debug|Any CPU
		{88EB874D-219B-4388-82E8-49B887F59362}.Debug|Any CPU.Build.0 = Debug|Any CPU
		{88EB874D-219B-4388-82E8-49B887F59362}.Release|Any CPU.ActiveCfg = Release|Any CPU
		{88EB874D-219B-4388-82E8-49B887F59362}.Release|Any CPU.Build.0 = Release|Any CPU
		{2DD421DB-29A1-44DB-A31E-A7A44C948408}.Debug|Any CPU.ActiveCfg = Debug|Any CPU
		{2DD421DB-29A1-44DB-A31E-A7A44C948408}.Debug|Any CPU.Build.0 = Debug|Any CPU
		{2DD421DB-29A1-44DB-A31E-A7A44C948408}.Release|Any CPU.ActiveCfg = Release|Any CPU
		{2DD421DB-29A1-44DB-A31E-A7A44C948408}.Release|Any CPU.Build.0 = Release|Any CPU
		{E23C1594-4AA1-4459-A9B1-B2B8E86BDF06}.Debug|Any CPU.ActiveCfg = Debug|Any CPU
		{E23C1594-4AA1-4459-A9B1-B2B8E86BDF06}.Debug|Any CPU.Build.0 = Debug|Any CPU
		{E23C1594-4AA1-4459-A9B1-B2B8E86BDF06}.Release|Any CPU.ActiveCfg = Release|Any CPU
		{E23C1594-4AA1-4459-A9B1-B2B8E86BDF06}.Release|Any CPU.Build.0 = Release|Any CPU
	EndGlobalSection
	GlobalSection(NestedProjects) = preSolution
		{B552D825-74BD-4BF5-9F46-4AB55AB5984F} = {C4F1A4C9-7AA4-4E57-91A0-47ADBCA75627}
		{90503242-43CF-4813-8A4C-CA58ED9B4CF8} = {5955845F-4984-441E-B380-93FF6EBE173F}
		{9FBDD1F7-6B07-404B-9736-F71DE62C1EFA} = {4C1019A9-19C1-4620-A6B8-8811EA2BC359}
		{BE1EA55E-D0EF-4FC2-8784-13499E3569B5} = {4C1019A9-19C1-4620-A6B8-8811EA2BC359}
		{14E946A2-DD78-41D0-A956-76F476D0AF3A} = {7CE8D69D-3E70-4653-AEFB-42A431F543AD}
		{3376AD3E-314D-4F8A-A0C6-5FDB773E7955} = {7CE8D69D-3E70-4653-AEFB-42A431F543AD}
		{88EB874D-219B-4388-82E8-49B887F59362} = {7CE8D69D-3E70-4653-AEFB-42A431F543AD}
		{2DD421DB-29A1-44DB-A31E-A7A44C948408} = {7CE8D69D-3E70-4653-AEFB-42A431F543AD}
		{C4F1A4C9-7AA4-4E57-91A0-47ADBCA75627} = {B3CD2079-1525-49DB-A995-E67A2231875B}
		{5955845F-4984-441E-B380-93FF6EBE173F} = {B3CD2079-1525-49DB-A995-E67A2231875B}
		{4C1019A9-19C1-4620-A6B8-8811EA2BC359} = {B3CD2079-1525-49DB-A995-E67A2231875B}
		{7CE8D69D-3E70-4653-AEFB-42A431F543AD} = {B3CD2079-1525-49DB-A995-E67A2231875B}
		{E23C1594-4AA1-4459-A9B1-B2B8E86BDF06} = {A5534035-C6C2-46BA-ABE9-112B11417A81}
	EndGlobalSection
EndGlobal
